// !$*UTF8*$!
{
	archiveVersion = 1;
	classes = {
	};
	objectVersion = 55;
	objects = {

/* Begin PBXBuildFile section */
		4202105D2BC808C800FB24B4 /* CustomerInformationSheet2.swift in Sources */ = {isa = PBXBuildFile; fileRef = 4202105C2BC808C800FB24B4 /* CustomerInformationSheet2.swift */; };
		420210632BC81C2200FB24B4 /* CustomerMonitioringDocument.swift in Sources */ = {isa = PBXBuildFile; fileRef = 420210622BC81C2200FB24B4 /* CustomerMonitioringDocument.swift */; };
		420210652BC81F2F00FB24B4 /* DocumentHandler.swift in Sources */ = {isa = PBXBuildFile; fileRef = 420210642BC81F2F00FB24B4 /* DocumentHandler.swift */; };
		420210672BC8244000FB24B4 /* CustomerMonitoringDocumentList.swift in Sources */ = {isa = PBXBuildFile; fileRef = 420210662BC8244000FB24B4 /* CustomerMonitoringDocumentList.swift */; };
		4202106A2BC95D7600FB24B4 /* CustomerReposessions.swift in Sources */ = {isa = PBXBuildFile; fileRef = 420210692BC95D7600FB24B4 /* CustomerReposessions.swift */; };
		4202106C2BC95F1300FB24B4 /* ReposessionDetails.swift in Sources */ = {isa = PBXBuildFile; fileRef = 4202106B2BC95F1300FB24B4 /* ReposessionDetails.swift */; };
		4202106E2BC95FE000FB24B4 /* RepossesionPickUp.swift in Sources */ = {isa = PBXBuildFile; fileRef = 4202106D2BC95FE000FB24B4 /* RepossesionPickUp.swift */; };
		420210702BC9611100FB24B4 /* RepossesionsStorage.swift in Sources */ = {isa = PBXBuildFile; fileRef = 4202106F2BC9611100FB24B4 /* RepossesionsStorage.swift */; };
		421400822BB554FD003E5A85 /* EFTA1App.swift in Sources */ = {isa = PBXBuildFile; fileRef = 421400812BB554FD003E5A85 /* EFTA1App.swift */; };
		421400842BB554FD003E5A85 /* ContentView.swift in Sources */ = {isa = PBXBuildFile; fileRef = 421400832BB554FD003E5A85 /* ContentView.swift */; };
		421400862BB5550E003E5A85 /* Assets.xcassets in Resources */ = {isa = PBXBuildFile; fileRef = 421400852BB5550E003E5A85 /* Assets.xcassets */; };
		421400892BB5550E003E5A85 /* Preview Assets.xcassets in Resources */ = {isa = PBXBuildFile; fileRef = 421400882BB5550E003E5A85 /* Preview Assets.xcassets */; };
		421400932BB5550F003E5A85 /* EFTA1Tests.swift in Sources */ = {isa = PBXBuildFile; fileRef = 421400922BB5550F003E5A85 /* EFTA1Tests.swift */; };
		4214009D2BB5550F003E5A85 /* EFTA1UITests.swift in Sources */ = {isa = PBXBuildFile; fileRef = 4214009C2BB5550F003E5A85 /* EFTA1UITests.swift */; };
		4214009F2BB5550F003E5A85 /* EFTA1UITestsLaunchTests.swift in Sources */ = {isa = PBXBuildFile; fileRef = 4214009E2BB5550F003E5A85 /* EFTA1UITestsLaunchTests.swift */; };
		421400AC2BB5555B003E5A85 /* SplashView.swift in Sources */ = {isa = PBXBuildFile; fileRef = 421400AB2BB5555A003E5A85 /* SplashView.swift */; };
		421400AE2BB55564003E5A85 /* OnBoard.swift in Sources */ = {isa = PBXBuildFile; fileRef = 421400AD2BB55563003E5A85 /* OnBoard.swift */; };
		421400B22BB55574003E5A85 /* Verification.swift in Sources */ = {isa = PBXBuildFile; fileRef = 421400B12BB55574003E5A85 /* Verification.swift */; };
		421400B42BB55580003E5A85 /* PINEntryView.swift in Sources */ = {isa = PBXBuildFile; fileRef = 421400B32BB55580003E5A85 /* PINEntryView.swift */; };
		421400B62BB55588003E5A85 /* KeypadView.swift in Sources */ = {isa = PBXBuildFile; fileRef = 421400B52BB55588003E5A85 /* KeypadView.swift */; };
		421400B82BB5558F003E5A85 /* Color+Extension.swift in Sources */ = {isa = PBXBuildFile; fileRef = 421400B72BB5558F003E5A85 /* Color+Extension.swift */; };
		421400BC2BB564A9003E5A85 /* SecurityQuestions.swift in Sources */ = {isa = PBXBuildFile; fileRef = 421400BB2BB564A9003E5A85 /* SecurityQuestions.swift */; };
		421400BE2BB57BF7003E5A85 /* Login.swift in Sources */ = {isa = PBXBuildFile; fileRef = 421400BD2BB57BF6003E5A85 /* Login.swift */; };
		421400C02BB57F28003E5A85 /* LoginOnBoarding.swift in Sources */ = {isa = PBXBuildFile; fileRef = 421400BF2BB57F27003E5A85 /* LoginOnBoarding.swift */; };
		421400C22BB58709003E5A85 /* forgotPin.swift in Sources */ = {isa = PBXBuildFile; fileRef = 421400C12BB58709003E5A85 /* forgotPin.swift */; };
		422557D72BC2F00100FA14EF /* CustomerDocument.swift in Sources */ = {isa = PBXBuildFile; fileRef = 422557D62BC2F00000FA14EF /* CustomerDocument.swift */; };
		422557D92BC3480400FA14EF /* CustomerSummary.swift in Sources */ = {isa = PBXBuildFile; fileRef = 422557D82BC3480400FA14EF /* CustomerSummary.swift */; };
		422557DB2BC3E0E700FA14EF /* MyTabView.swift in Sources */ = {isa = PBXBuildFile; fileRef = 422557DA2BC3E0E700FA14EF /* MyTabView.swift */; };
		4242D9B42BD13F17004AF3F3 /* keychainAcess.swift in Sources */ = {isa = PBXBuildFile; fileRef = 4242D9B32BD13F15004AF3F3 /* keychainAcess.swift */; };
		4242D9B62BD14595004AF3F3 /* AuthManager.swift in Sources */ = {isa = PBXBuildFile; fileRef = 4242D9B52BD14595004AF3F3 /* AuthManager.swift */; };
		4242D9B82BD14BB5004AF3F3 /* ImpactReporting1.swift in Sources */ = {isa = PBXBuildFile; fileRef = 4242D9B72BD14BB4004AF3F3 /* ImpactReporting1.swift */; };
		4242D9BA2BD2659D004AF3F3 /* CustomerDocumentList.swift in Sources */ = {isa = PBXBuildFile; fileRef = 4242D9B92BD2659C004AF3F3 /* CustomerDocumentList.swift */; };
		425A5EC32BCFF47D00C520B5 /* Statements.swift in Sources */ = {isa = PBXBuildFile; fileRef = 425A5EC22BCFF47D00C520B5 /* Statements.swift */; };
		425A5EC52BCFF6B000C520B5 /* CustomerStatements.swift in Sources */ = {isa = PBXBuildFile; fileRef = 425A5EC42BCFF6B000C520B5 /* CustomerStatements.swift */; };
		425A5EC72BD0FC3C00C520B5 /* Config.swift in Sources */ = {isa = PBXBuildFile; fileRef = 425A5EC62BD0FC3B00C520B5 /* Config.swift */; };
		4281A70D2BE3903700743423 /* Buttons.swift in Sources */ = {isa = PBXBuildFile; fileRef = 4281A70C2BE3903600743423 /* Buttons.swift */; };
		428DF96A2BD8F79A00873E90 /* CompanyOnboarding2.swift in Sources */ = {isa = PBXBuildFile; fileRef = 428DF9692BD8F79A00873E90 /* CompanyOnboarding2.swift */; };
		429BB8F42BBBEB3200A323A2 /* Images.swift in Sources */ = {isa = PBXBuildFile; fileRef = 429BB8F32BBBEB3100A323A2 /* Images.swift */; };
		429BB8F62BBC09DC00A323A2 /* CustomerLocation.swift in Sources */ = {isa = PBXBuildFile; fileRef = 429BB8F52BBC09DB00A323A2 /* CustomerLocation.swift */; };
		429BB8FA2BBC0E8300A323A2 /* MapKit.framework in Frameworks */ = {isa = PBXBuildFile; fileRef = 429BB8F92BBC0E8300A323A2 /* MapKit.framework */; };
		429BB8FD2BBC0E9B00A323A2 /* HealthKit.framework in Frameworks */ = {isa = PBXBuildFile; fileRef = 429BB8FC2BBC0E9B00A323A2 /* HealthKit.framework */; };
		42A2F3B82BD69815008125F6 /* Launch Screen.storyboard in Resources */ = {isa = PBXBuildFile; fileRef = 42A2F3B72BD69815008125F6 /* Launch Screen.storyboard */; };
		42B5EC4F2BCD0AF100D5418C /* EquipmentUserPage.swift in Sources */ = {isa = PBXBuildFile; fileRef = 42B5EC4E2BCD0AF100D5418C /* EquipmentUserPage.swift */; };
		42B5EC512BCD0EF400D5418C /* EquipmentDeliveryDetails.swift in Sources */ = {isa = PBXBuildFile; fileRef = 42B5EC502BCD0EF400D5418C /* EquipmentDeliveryDetails.swift */; };
		42B5EC532BCD109C00D5418C /* EquipmentDeliveryItems.swift in Sources */ = {isa = PBXBuildFile; fileRef = 42B5EC522BCD109C00D5418C /* EquipmentDeliveryItems.swift */; };
		42B5EC552BCD13DE00D5418C /* EquipmentDeliveryForm1.swift in Sources */ = {isa = PBXBuildFile; fileRef = 42B5EC542BCD13DE00D5418C /* EquipmentDeliveryForm1.swift */; };
		42B5EC5A2BCD23D300D5418C /* EquipmentDeliveryForm2.swift in Sources */ = {isa = PBXBuildFile; fileRef = 42B5EC592BCD23D200D5418C /* EquipmentDeliveryForm2.swift */; };
		42B5EC5C2BCD29B200D5418C /* DataForCustomerOnboarding.swift in Sources */ = {isa = PBXBuildFile; fileRef = 42B5EC5B2BCD29B200D5418C /* DataForCustomerOnboarding.swift */; };
		42B5EC5E2BCD556D00D5418C /* IndividualOnboarding2.swift in Sources */ = {isa = PBXBuildFile; fileRef = 42B5EC5D2BCD556D00D5418C /* IndividualOnboarding2.swift */; };
		42B5EC602BCD646B00D5418C /* PhotoCaptureViewModel.swift in Sources */ = {isa = PBXBuildFile; fileRef = 42B5EC5F2BCD646B00D5418C /* PhotoCaptureViewModel.swift */; };
		42B5EC632BCE6D4100D5418C /* CreateSchedule.swift in Sources */ = {isa = PBXBuildFile; fileRef = 42B5EC622BCE6D4100D5418C /* CreateSchedule.swift */; };
		42B5EC662BCE716700D5418C /* Reports.swift in Sources */ = {isa = PBXBuildFile; fileRef = 42B5EC652BCE716700D5418C /* Reports.swift */; };
		42B5EC682BCE718000D5418C /* PieChart.swift in Sources */ = {isa = PBXBuildFile; fileRef = 42B5EC672BCE717F00D5418C /* PieChart.swift */; };
		42B5EC6A2BCE78BC00D5418C /* NetworkManager.swift in Sources */ = {isa = PBXBuildFile; fileRef = 42B5EC692BCE78BC00D5418C /* NetworkManager.swift */; };
		42B5EC6C2BCE7AAA00D5418C /* Constants.swift in Sources */ = {isa = PBXBuildFile; fileRef = 42B5EC6B2BCE7AAA00D5418C /* Constants.swift */; };
		42B5EC6E2BCE858E00D5418C /* OnboardingData.swift in Sources */ = {isa = PBXBuildFile; fileRef = 42B5EC6D2BCE858E00D5418C /* OnboardingData.swift */; };
		42B5EC702BCEB8D100D5418C /* SelectProfile.swift in Sources */ = {isa = PBXBuildFile; fileRef = 42B5EC6F2BCEB8CF00D5418C /* SelectProfile.swift */; };
		42DAADE12BBAE3C900F7FC7B /* CustomerOnboarding.swift in Sources */ = {isa = PBXBuildFile; fileRef = 42DAADE02BBAE3C800F7FC7B /* CustomerOnboarding.swift */; };
		42DDB66B2BBB60E00038D1CA /* IndividualOnboarding.swift in Sources */ = {isa = PBXBuildFile; fileRef = 42DDB66A2BBB60E00038D1CA /* IndividualOnboarding.swift */; };
		42DDB66F2BBB65450038D1CA /* CapturePhoto.swift in Sources */ = {isa = PBXBuildFile; fileRef = 42DDB66E2BBB65450038D1CA /* CapturePhoto.swift */; };
		42E299752BB59DDB008598C3 /* Dashboard.swift in Sources */ = {isa = PBXBuildFile; fileRef = 42E299742BB59DDA008598C3 /* Dashboard.swift */; };
		42E822042BD112B6003D59CF /* DataHandler.swift in Sources */ = {isa = PBXBuildFile; fileRef = 42E822032BD112B6003D59CF /* DataHandler.swift */; };
		42E822062BD12386003D59CF /* ConfirmPin.swift in Sources */ = {isa = PBXBuildFile; fileRef = 42E822052BD12386003D59CF /* ConfirmPin.swift */; };
		42ECA29D2BC54D1300FB4B43 /* CompanyOnboarding.swift in Sources */ = {isa = PBXBuildFile; fileRef = 42ECA29C2BC54D1300FB4B43 /* CompanyOnboarding.swift */; };
		42ECA29F2BC54F2E00FB4B43 /* CompanyLocation.swift in Sources */ = {isa = PBXBuildFile; fileRef = 42ECA29E2BC54F2E00FB4B43 /* CompanyLocation.swift */; };
		42ECA2A12BC54F7E00FB4B43 /* CompanyDocument.swift in Sources */ = {isa = PBXBuildFile; fileRef = 42ECA2A02BC54F7E00FB4B43 /* CompanyDocument.swift */; };
		42ECA2A32BC54FF400FB4B43 /* CompanySummary.swift in Sources */ = {isa = PBXBuildFile; fileRef = 42ECA2A22BC54FF400FB4B43 /* CompanySummary.swift */; };
		42ECA2A72BC5629300FB4B43 /* CustomerApraisalsSearch.swift in Sources */ = {isa = PBXBuildFile; fileRef = 42ECA2A62BC5629300FB4B43 /* CustomerApraisalsSearch.swift */; };
		42ECA2A92BC576E600FB4B43 /* CustomerApraisalDetails.swift in Sources */ = {isa = PBXBuildFile; fileRef = 42ECA2A82BC576E500FB4B43 /* CustomerApraisalDetails.swift */; };
		42ECA2AB2BC6C07D00FB4B43 /* SiteDetails.swift in Sources */ = {isa = PBXBuildFile; fileRef = 42ECA2AA2BC6C07C00FB4B43 /* SiteDetails.swift */; };
		42ECA2AE2BC6C9AC00FB4B43 /* SiteDetailsQuestion.swift in Sources */ = {isa = PBXBuildFile; fileRef = 42ECA2AD2BC6C9AC00FB4B43 /* SiteDetailsQuestion.swift */; };
		42ECA2B02BC6F90400FB4B43 /* SiteDetails2.swift in Sources */ = {isa = PBXBuildFile; fileRef = 42ECA2AF2BC6F90300FB4B43 /* SiteDetails2.swift */; };
		42ECA2B22BC6FA4C00FB4B43 /* Document&Assets.swift in Sources */ = {isa = PBXBuildFile; fileRef = 42ECA2B12BC6FA4C00FB4B43 /* Document&Assets.swift */; };
		42ECA2B42BC6FB4700FB4B43 /* Market.swift in Sources */ = {isa = PBXBuildFile; fileRef = 42ECA2B32BC6FB4700FB4B43 /* Market.swift */; };
		42ECA2B62BC6FC1300FB4B43 /* Market2.swift in Sources */ = {isa = PBXBuildFile; fileRef = 42ECA2B52BC6FC1300FB4B43 /* Market2.swift */; };
		42ECA2B82BC6FC6A00FB4B43 /* Market3.swift in Sources */ = {isa = PBXBuildFile; fileRef = 42ECA2B72BC6FC6A00FB4B43 /* Market3.swift */; };
		42ECA2BA2BC6FD1C00FB4B43 /* Character&Credit.swift in Sources */ = {isa = PBXBuildFile; fileRef = 42ECA2B92BC6FD1C00FB4B43 /* Character&Credit.swift */; };
		42ECA2BC2BC6FD8C00FB4B43 /* Character&Credit2.swift in Sources */ = {isa = PBXBuildFile; fileRef = 42ECA2BB2BC6FD8B00FB4B43 /* Character&Credit2.swift */; };
		42ECA2BE2BC6FDEE00FB4B43 /* FinancialData.swift in Sources */ = {isa = PBXBuildFile; fileRef = 42ECA2BD2BC6FDEE00FB4B43 /* FinancialData.swift */; };
		42ECA2C02BC6FE8400FB4B43 /* ImpactReporting.swift in Sources */ = {isa = PBXBuildFile; fileRef = 42ECA2BF2BC6FE8400FB4B43 /* ImpactReporting.swift */; };
		42ECA2C32BC7003600FB4B43 /* CustomerMonitoringSearch.swift in Sources */ = {isa = PBXBuildFile; fileRef = 42ECA2C22BC7003600FB4B43 /* CustomerMonitoringSearch.swift */; };
		42ECA2C52BC703B800FB4B43 /* CustomerDetails.swift in Sources */ = {isa = PBXBuildFile; fileRef = 42ECA2C42BC703B800FB4B43 /* CustomerDetails.swift */; };
		42ECA2C72BC704F700FB4B43 /* Equipment.swift in Sources */ = {isa = PBXBuildFile; fileRef = 42ECA2C62BC704F700FB4B43 /* Equipment.swift */; };
		42ECA2C92BC7CC0300FB4B43 /* BusinessPerformance.swift in Sources */ = {isa = PBXBuildFile; fileRef = 42ECA2C82BC7CC0200FB4B43 /* BusinessPerformance.swift */; };
		42ECA2CB2BC7CF1A00FB4B43 /* CustomerInformationSheet.swift in Sources */ = {isa = PBXBuildFile; fileRef = 42ECA2CA2BC7CF1A00FB4B43 /* CustomerInformationSheet.swift */; };
		42FE89302BFAE4950046F172 /* AlertToast in Frameworks */ = {isa = PBXBuildFile; productRef = 42FE892F2BFAE4950046F172 /* AlertToast */; };
		42FE89322BFAE49B0046F172 /* SwiftUIDigitalSignature in Frameworks */ = {isa = PBXBuildFile; productRef = 42FE89312BFAE49B0046F172 /* SwiftUIDigitalSignature */; };
		42FE89342BFAE4A80046F172 /* SwiftUICharts in Frameworks */ = {isa = PBXBuildFile; productRef = 42FE89332BFAE4A80046F172 /* SwiftUICharts */; };
		42FE89362BFAE4AD0046F172 /* FilePicker in Frameworks */ = {isa = PBXBuildFile; productRef = 42FE89352BFAE4AD0046F172 /* FilePicker */; };
		6E1FB8252BF253BD00677D28 /* FormTypes.swift in Sources */ = {isa = PBXBuildFile; fileRef = 6E1FB8242BF253BD00677D28 /* FormTypes.swift */; };
		6E1FB8522BF7E9AC00677D28 /* ImpactReportingCustomerMonitoring.swift in Sources */ = {isa = PBXBuildFile; fileRef = 6E1FB8512BF7E9AB00677D28 /* ImpactReportingCustomerMonitoring.swift */; };
		6E1FB8542BF7EF6200677D28 /* ImpactReportingCustomerMonitoring2.swift in Sources */ = {isa = PBXBuildFile; fileRef = 6E1FB8532BF7EF6200677D28 /* ImpactReportingCustomerMonitoring2.swift */; };
		6ED5303A2BEB9EAE00280B6C /* CustomerApraisalData.swift in Sources */ = {isa = PBXBuildFile; fileRef = 6ED530392BEB9EAE00280B6C /* CustomerApraisalData.swift */; };
/* End PBXBuildFile section */

/* Begin PBXContainerItemProxy section */
		4214008F2BB5550F003E5A85 /* PBXContainerItemProxy */ = {
			isa = PBXContainerItemProxy;
			containerPortal = 421400762BB554FD003E5A85 /* Project object */;
			proxyType = 1;
			remoteGlobalIDString = 4214007D2BB554FD003E5A85;
			remoteInfo = EFTA1;
		};
		421400992BB5550F003E5A85 /* PBXContainerItemProxy */ = {
			isa = PBXContainerItemProxy;
			containerPortal = 421400762BB554FD003E5A85 /* Project object */;
			proxyType = 1;
			remoteGlobalIDString = 4214007D2BB554FD003E5A85;
			remoteInfo = EFTA1;
		};
/* End PBXContainerItemProxy section */

/* Begin PBXFileReference section */
		4202105C2BC808C800FB24B4 /* CustomerInformationSheet2.swift */ = {isa = PBXFileReference; lastKnownFileType = sourcecode.swift; path = CustomerInformationSheet2.swift; sourceTree = "<group>"; };
		420210622BC81C2200FB24B4 /* CustomerMonitioringDocument.swift */ = {isa = PBXFileReference; lastKnownFileType = sourcecode.swift; path = CustomerMonitioringDocument.swift; sourceTree = "<group>"; };
		420210642BC81F2F00FB24B4 /* DocumentHandler.swift */ = {isa = PBXFileReference; lastKnownFileType = sourcecode.swift; path = DocumentHandler.swift; sourceTree = "<group>"; };
		420210662BC8244000FB24B4 /* CustomerMonitoringDocumentList.swift */ = {isa = PBXFileReference; lastKnownFileType = sourcecode.swift; path = CustomerMonitoringDocumentList.swift; sourceTree = "<group>"; };
		420210692BC95D7600FB24B4 /* CustomerReposessions.swift */ = {isa = PBXFileReference; lastKnownFileType = sourcecode.swift; path = CustomerReposessions.swift; sourceTree = "<group>"; };
		4202106B2BC95F1300FB24B4 /* ReposessionDetails.swift */ = {isa = PBXFileReference; lastKnownFileType = sourcecode.swift; path = ReposessionDetails.swift; sourceTree = "<group>"; };
		4202106D2BC95FE000FB24B4 /* RepossesionPickUp.swift */ = {isa = PBXFileReference; lastKnownFileType = sourcecode.swift; path = RepossesionPickUp.swift; sourceTree = "<group>"; };
		4202106F2BC9611100FB24B4 /* RepossesionsStorage.swift */ = {isa = PBXFileReference; lastKnownFileType = sourcecode.swift; path = RepossesionsStorage.swift; sourceTree = "<group>"; };
		4214007E2BB554FD003E5A85 /* EFTA1.app */ = {isa = PBXFileReference; explicitFileType = wrapper.application; includeInIndex = 0; path = EFTA1.app; sourceTree = BUILT_PRODUCTS_DIR; };
		421400812BB554FD003E5A85 /* EFTA1App.swift */ = {isa = PBXFileReference; lastKnownFileType = sourcecode.swift; path = EFTA1App.swift; sourceTree = "<group>"; };
		421400832BB554FD003E5A85 /* ContentView.swift */ = {isa = PBXFileReference; lastKnownFileType = sourcecode.swift; path = ContentView.swift; sourceTree = "<group>"; };
		421400852BB5550E003E5A85 /* Assets.xcassets */ = {isa = PBXFileReference; lastKnownFileType = folder.assetcatalog; path = Assets.xcassets; sourceTree = "<group>"; };
		421400882BB5550E003E5A85 /* Preview Assets.xcassets */ = {isa = PBXFileReference; lastKnownFileType = folder.assetcatalog; path = "Preview Assets.xcassets"; sourceTree = "<group>"; };
		4214008E2BB5550F003E5A85 /* EFTA1Tests.xctest */ = {isa = PBXFileReference; explicitFileType = wrapper.cfbundle; includeInIndex = 0; path = EFTA1Tests.xctest; sourceTree = BUILT_PRODUCTS_DIR; };
		421400922BB5550F003E5A85 /* EFTA1Tests.swift */ = {isa = PBXFileReference; lastKnownFileType = sourcecode.swift; path = EFTA1Tests.swift; sourceTree = "<group>"; };
		421400982BB5550F003E5A85 /* EFTA1UITests.xctest */ = {isa = PBXFileReference; explicitFileType = wrapper.cfbundle; includeInIndex = 0; path = EFTA1UITests.xctest; sourceTree = BUILT_PRODUCTS_DIR; };
		4214009C2BB5550F003E5A85 /* EFTA1UITests.swift */ = {isa = PBXFileReference; lastKnownFileType = sourcecode.swift; path = EFTA1UITests.swift; sourceTree = "<group>"; };
		4214009E2BB5550F003E5A85 /* EFTA1UITestsLaunchTests.swift */ = {isa = PBXFileReference; lastKnownFileType = sourcecode.swift; path = EFTA1UITestsLaunchTests.swift; sourceTree = "<group>"; };
		421400AB2BB5555A003E5A85 /* SplashView.swift */ = {isa = PBXFileReference; fileEncoding = 4; lastKnownFileType = sourcecode.swift; path = SplashView.swift; sourceTree = "<group>"; };
		421400AD2BB55563003E5A85 /* OnBoard.swift */ = {isa = PBXFileReference; fileEncoding = 4; lastKnownFileType = sourcecode.swift; path = OnBoard.swift; sourceTree = "<group>"; };
		421400B12BB55574003E5A85 /* Verification.swift */ = {isa = PBXFileReference; fileEncoding = 4; lastKnownFileType = sourcecode.swift; path = Verification.swift; sourceTree = "<group>"; };
		421400B32BB55580003E5A85 /* PINEntryView.swift */ = {isa = PBXFileReference; fileEncoding = 4; lastKnownFileType = sourcecode.swift; path = PINEntryView.swift; sourceTree = "<group>"; };
		421400B52BB55588003E5A85 /* KeypadView.swift */ = {isa = PBXFileReference; fileEncoding = 4; lastKnownFileType = sourcecode.swift; path = KeypadView.swift; sourceTree = "<group>"; };
		421400B72BB5558F003E5A85 /* Color+Extension.swift */ = {isa = PBXFileReference; fileEncoding = 4; lastKnownFileType = sourcecode.swift; path = "Color+Extension.swift"; sourceTree = "<group>"; };
		421400BB2BB564A9003E5A85 /* SecurityQuestions.swift */ = {isa = PBXFileReference; lastKnownFileType = sourcecode.swift; path = SecurityQuestions.swift; sourceTree = "<group>"; };
		421400BD2BB57BF6003E5A85 /* Login.swift */ = {isa = PBXFileReference; lastKnownFileType = sourcecode.swift; path = Login.swift; sourceTree = "<group>"; };
		421400BF2BB57F27003E5A85 /* LoginOnBoarding.swift */ = {isa = PBXFileReference; lastKnownFileType = sourcecode.swift; path = LoginOnBoarding.swift; sourceTree = "<group>"; };
		421400C12BB58709003E5A85 /* forgotPin.swift */ = {isa = PBXFileReference; lastKnownFileType = sourcecode.swift; path = forgotPin.swift; sourceTree = "<group>"; };
		422557D62BC2F00000FA14EF /* CustomerDocument.swift */ = {isa = PBXFileReference; lastKnownFileType = sourcecode.swift; path = CustomerDocument.swift; sourceTree = "<group>"; };
		422557D82BC3480400FA14EF /* CustomerSummary.swift */ = {isa = PBXFileReference; lastKnownFileType = sourcecode.swift; path = CustomerSummary.swift; sourceTree = "<group>"; };
		422557DA2BC3E0E700FA14EF /* MyTabView.swift */ = {isa = PBXFileReference; lastKnownFileType = sourcecode.swift; path = MyTabView.swift; sourceTree = "<group>"; };
		4242D9B32BD13F15004AF3F3 /* keychainAcess.swift */ = {isa = PBXFileReference; lastKnownFileType = sourcecode.swift; path = keychainAcess.swift; sourceTree = "<group>"; };
		4242D9B52BD14595004AF3F3 /* AuthManager.swift */ = {isa = PBXFileReference; lastKnownFileType = sourcecode.swift; path = AuthManager.swift; sourceTree = "<group>"; };
		4242D9B72BD14BB4004AF3F3 /* ImpactReporting1.swift */ = {isa = PBXFileReference; lastKnownFileType = sourcecode.swift; path = ImpactReporting1.swift; sourceTree = "<group>"; };
		4242D9B92BD2659C004AF3F3 /* CustomerDocumentList.swift */ = {isa = PBXFileReference; lastKnownFileType = sourcecode.swift; path = CustomerDocumentList.swift; sourceTree = "<group>"; };
		425A5EC22BCFF47D00C520B5 /* Statements.swift */ = {isa = PBXFileReference; lastKnownFileType = sourcecode.swift; path = Statements.swift; sourceTree = "<group>"; };
		425A5EC42BCFF6B000C520B5 /* CustomerStatements.swift */ = {isa = PBXFileReference; lastKnownFileType = sourcecode.swift; path = CustomerStatements.swift; sourceTree = "<group>"; };
		425A5EC62BD0FC3B00C520B5 /* Config.swift */ = {isa = PBXFileReference; lastKnownFileType = sourcecode.swift; path = Config.swift; sourceTree = "<group>"; };
		4281A70C2BE3903600743423 /* Buttons.swift */ = {isa = PBXFileReference; lastKnownFileType = sourcecode.swift; path = Buttons.swift; sourceTree = "<group>"; };
		428DF9692BD8F79A00873E90 /* CompanyOnboarding2.swift */ = {isa = PBXFileReference; lastKnownFileType = sourcecode.swift; path = CompanyOnboarding2.swift; sourceTree = "<group>"; };
		429BB8F32BBBEB3100A323A2 /* Images.swift */ = {isa = PBXFileReference; lastKnownFileType = sourcecode.swift; path = Images.swift; sourceTree = "<group>"; };
		429BB8F52BBC09DB00A323A2 /* CustomerLocation.swift */ = {isa = PBXFileReference; lastKnownFileType = sourcecode.swift; path = CustomerLocation.swift; sourceTree = "<group>"; };
		429BB8F72BBC0E8300A323A2 /* Info.plist */ = {isa = PBXFileReference; lastKnownFileType = text.plist; path = Info.plist; sourceTree = "<group>"; };
		429BB8F92BBC0E8300A323A2 /* MapKit.framework */ = {isa = PBXFileReference; lastKnownFileType = wrapper.framework; name = MapKit.framework; path = System/Library/Frameworks/MapKit.framework; sourceTree = SDKROOT; };
		429BB8FB2BBC0E9B00A323A2 /* EFTA1.entitlements */ = {isa = PBXFileReference; lastKnownFileType = text.plist.entitlements; path = EFTA1.entitlements; sourceTree = "<group>"; };
		429BB8FC2BBC0E9B00A323A2 /* HealthKit.framework */ = {isa = PBXFileReference; lastKnownFileType = wrapper.framework; name = HealthKit.framework; path = System/Library/Frameworks/HealthKit.framework; sourceTree = SDKROOT; };
		42A2F3B72BD69815008125F6 /* Launch Screen.storyboard */ = {isa = PBXFileReference; lastKnownFileType = file.storyboard; path = "Launch Screen.storyboard"; sourceTree = "<group>"; };
		42B5EC4E2BCD0AF100D5418C /* EquipmentUserPage.swift */ = {isa = PBXFileReference; lastKnownFileType = sourcecode.swift; path = EquipmentUserPage.swift; sourceTree = "<group>"; };
		42B5EC502BCD0EF400D5418C /* EquipmentDeliveryDetails.swift */ = {isa = PBXFileReference; lastKnownFileType = sourcecode.swift; path = EquipmentDeliveryDetails.swift; sourceTree = "<group>"; };
		42B5EC522BCD109C00D5418C /* EquipmentDeliveryItems.swift */ = {isa = PBXFileReference; lastKnownFileType = sourcecode.swift; path = EquipmentDeliveryItems.swift; sourceTree = "<group>"; };
		42B5EC542BCD13DE00D5418C /* EquipmentDeliveryForm1.swift */ = {isa = PBXFileReference; lastKnownFileType = sourcecode.swift; path = EquipmentDeliveryForm1.swift; sourceTree = "<group>"; };
		42B5EC592BCD23D200D5418C /* EquipmentDeliveryForm2.swift */ = {isa = PBXFileReference; lastKnownFileType = sourcecode.swift; path = EquipmentDeliveryForm2.swift; sourceTree = "<group>"; };
		42B5EC5B2BCD29B200D5418C /* DataForCustomerOnboarding.swift */ = {isa = PBXFileReference; lastKnownFileType = sourcecode.swift; path = DataForCustomerOnboarding.swift; sourceTree = "<group>"; };
		42B5EC5D2BCD556D00D5418C /* IndividualOnboarding2.swift */ = {isa = PBXFileReference; lastKnownFileType = sourcecode.swift; path = IndividualOnboarding2.swift; sourceTree = "<group>"; };
		42B5EC5F2BCD646B00D5418C /* PhotoCaptureViewModel.swift */ = {isa = PBXFileReference; lastKnownFileType = sourcecode.swift; path = PhotoCaptureViewModel.swift; sourceTree = "<group>"; };
		42B5EC622BCE6D4100D5418C /* CreateSchedule.swift */ = {isa = PBXFileReference; lastKnownFileType = sourcecode.swift; path = CreateSchedule.swift; sourceTree = "<group>"; };
		42B5EC652BCE716700D5418C /* Reports.swift */ = {isa = PBXFileReference; lastKnownFileType = sourcecode.swift; path = Reports.swift; sourceTree = "<group>"; };
		42B5EC672BCE717F00D5418C /* PieChart.swift */ = {isa = PBXFileReference; lastKnownFileType = sourcecode.swift; path = PieChart.swift; sourceTree = "<group>"; };
		42B5EC692BCE78BC00D5418C /* NetworkManager.swift */ = {isa = PBXFileReference; lastKnownFileType = sourcecode.swift; path = NetworkManager.swift; sourceTree = "<group>"; };
		42B5EC6B2BCE7AAA00D5418C /* Constants.swift */ = {isa = PBXFileReference; lastKnownFileType = sourcecode.swift; path = Constants.swift; sourceTree = "<group>"; };
		42B5EC6D2BCE858E00D5418C /* OnboardingData.swift */ = {isa = PBXFileReference; lastKnownFileType = sourcecode.swift; path = OnboardingData.swift; sourceTree = "<group>"; };
		42B5EC6F2BCEB8CF00D5418C /* SelectProfile.swift */ = {isa = PBXFileReference; lastKnownFileType = sourcecode.swift; path = SelectProfile.swift; sourceTree = "<group>"; };
		42DAADE02BBAE3C800F7FC7B /* CustomerOnboarding.swift */ = {isa = PBXFileReference; lastKnownFileType = sourcecode.swift; path = CustomerOnboarding.swift; sourceTree = "<group>"; };
		42DDB66A2BBB60E00038D1CA /* IndividualOnboarding.swift */ = {isa = PBXFileReference; lastKnownFileType = sourcecode.swift; path = IndividualOnboarding.swift; sourceTree = "<group>"; };
		42DDB66E2BBB65450038D1CA /* CapturePhoto.swift */ = {isa = PBXFileReference; lastKnownFileType = sourcecode.swift; path = CapturePhoto.swift; sourceTree = "<group>"; };
		42E299742BB59DDA008598C3 /* Dashboard.swift */ = {isa = PBXFileReference; lastKnownFileType = sourcecode.swift; path = Dashboard.swift; sourceTree = "<group>"; };
		42E822032BD112B6003D59CF /* DataHandler.swift */ = {isa = PBXFileReference; lastKnownFileType = sourcecode.swift; path = DataHandler.swift; sourceTree = "<group>"; };
		42E822052BD12386003D59CF /* ConfirmPin.swift */ = {isa = PBXFileReference; lastKnownFileType = sourcecode.swift; path = ConfirmPin.swift; sourceTree = "<group>"; };
		42ECA29C2BC54D1300FB4B43 /* CompanyOnboarding.swift */ = {isa = PBXFileReference; lastKnownFileType = sourcecode.swift; path = CompanyOnboarding.swift; sourceTree = "<group>"; };
		42ECA29E2BC54F2E00FB4B43 /* CompanyLocation.swift */ = {isa = PBXFileReference; lastKnownFileType = sourcecode.swift; path = CompanyLocation.swift; sourceTree = "<group>"; };
		42ECA2A02BC54F7E00FB4B43 /* CompanyDocument.swift */ = {isa = PBXFileReference; lastKnownFileType = sourcecode.swift; path = CompanyDocument.swift; sourceTree = "<group>"; };
		42ECA2A22BC54FF400FB4B43 /* CompanySummary.swift */ = {isa = PBXFileReference; lastKnownFileType = sourcecode.swift; path = CompanySummary.swift; sourceTree = "<group>"; };
		42ECA2A62BC5629300FB4B43 /* CustomerApraisalsSearch.swift */ = {isa = PBXFileReference; lastKnownFileType = sourcecode.swift; path = CustomerApraisalsSearch.swift; sourceTree = "<group>"; };
		42ECA2A82BC576E500FB4B43 /* CustomerApraisalDetails.swift */ = {isa = PBXFileReference; lastKnownFileType = sourcecode.swift; path = CustomerApraisalDetails.swift; sourceTree = "<group>"; };
		42ECA2AA2BC6C07C00FB4B43 /* SiteDetails.swift */ = {isa = PBXFileReference; lastKnownFileType = sourcecode.swift; path = SiteDetails.swift; sourceTree = "<group>"; };
		42ECA2AD2BC6C9AC00FB4B43 /* SiteDetailsQuestion.swift */ = {isa = PBXFileReference; lastKnownFileType = sourcecode.swift; path = SiteDetailsQuestion.swift; sourceTree = "<group>"; };
		42ECA2AF2BC6F90300FB4B43 /* SiteDetails2.swift */ = {isa = PBXFileReference; lastKnownFileType = sourcecode.swift; path = SiteDetails2.swift; sourceTree = "<group>"; };
		42ECA2B12BC6FA4C00FB4B43 /* Document&Assets.swift */ = {isa = PBXFileReference; lastKnownFileType = sourcecode.swift; path = "Document&Assets.swift"; sourceTree = "<group>"; };
		42ECA2B32BC6FB4700FB4B43 /* Market.swift */ = {isa = PBXFileReference; lastKnownFileType = sourcecode.swift; path = Market.swift; sourceTree = "<group>"; };
		42ECA2B52BC6FC1300FB4B43 /* Market2.swift */ = {isa = PBXFileReference; lastKnownFileType = sourcecode.swift; path = Market2.swift; sourceTree = "<group>"; };
		42ECA2B72BC6FC6A00FB4B43 /* Market3.swift */ = {isa = PBXFileReference; lastKnownFileType = sourcecode.swift; path = Market3.swift; sourceTree = "<group>"; };
		42ECA2B92BC6FD1C00FB4B43 /* Character&Credit.swift */ = {isa = PBXFileReference; lastKnownFileType = sourcecode.swift; path = "Character&Credit.swift"; sourceTree = "<group>"; };
		42ECA2BB2BC6FD8B00FB4B43 /* Character&Credit2.swift */ = {isa = PBXFileReference; lastKnownFileType = sourcecode.swift; path = "Character&Credit2.swift"; sourceTree = "<group>"; };
		42ECA2BD2BC6FDEE00FB4B43 /* FinancialData.swift */ = {isa = PBXFileReference; lastKnownFileType = sourcecode.swift; path = FinancialData.swift; sourceTree = "<group>"; };
		42ECA2BF2BC6FE8400FB4B43 /* ImpactReporting.swift */ = {isa = PBXFileReference; lastKnownFileType = sourcecode.swift; path = ImpactReporting.swift; sourceTree = "<group>"; };
		42ECA2C22BC7003600FB4B43 /* CustomerMonitoringSearch.swift */ = {isa = PBXFileReference; lastKnownFileType = sourcecode.swift; path = CustomerMonitoringSearch.swift; sourceTree = "<group>"; };
		42ECA2C42BC703B800FB4B43 /* CustomerDetails.swift */ = {isa = PBXFileReference; lastKnownFileType = sourcecode.swift; path = CustomerDetails.swift; sourceTree = "<group>"; };
		42ECA2C62BC704F700FB4B43 /* Equipment.swift */ = {isa = PBXFileReference; lastKnownFileType = sourcecode.swift; path = Equipment.swift; sourceTree = "<group>"; };
		42ECA2C82BC7CC0200FB4B43 /* BusinessPerformance.swift */ = {isa = PBXFileReference; lastKnownFileType = sourcecode.swift; path = BusinessPerformance.swift; sourceTree = "<group>"; };
		42ECA2CA2BC7CF1A00FB4B43 /* CustomerInformationSheet.swift */ = {isa = PBXFileReference; lastKnownFileType = sourcecode.swift; path = CustomerInformationSheet.swift; sourceTree = "<group>"; };
		6E1FB8242BF253BD00677D28 /* FormTypes.swift */ = {isa = PBXFileReference; lastKnownFileType = sourcecode.swift; path = FormTypes.swift; sourceTree = "<group>"; };
		6E1FB8512BF7E9AB00677D28 /* ImpactReportingCustomerMonitoring.swift */ = {isa = PBXFileReference; lastKnownFileType = sourcecode.swift; path = ImpactReportingCustomerMonitoring.swift; sourceTree = "<group>"; };
		6E1FB8532BF7EF6200677D28 /* ImpactReportingCustomerMonitoring2.swift */ = {isa = PBXFileReference; lastKnownFileType = sourcecode.swift; path = ImpactReportingCustomerMonitoring2.swift; sourceTree = "<group>"; };
		6ED530392BEB9EAE00280B6C /* CustomerApraisalData.swift */ = {isa = PBXFileReference; lastKnownFileType = sourcecode.swift; path = CustomerApraisalData.swift; sourceTree = "<group>"; };
/* End PBXFileReference section */

/* Begin PBXFrameworksBuildPhase section */
		4214007B2BB554FD003E5A85 /* Frameworks */ = {
			isa = PBXFrameworksBuildPhase;
			buildActionMask = 2147483647;
			files = (
				42FE89362BFAE4AD0046F172 /* FilePicker in Frameworks */,
				42FE89302BFAE4950046F172 /* AlertToast in Frameworks */,
				429BB8FA2BBC0E8300A323A2 /* MapKit.framework in Frameworks */,
				42FE89322BFAE49B0046F172 /* SwiftUIDigitalSignature in Frameworks */,
				429BB8FD2BBC0E9B00A323A2 /* HealthKit.framework in Frameworks */,
				42FE89342BFAE4A80046F172 /* SwiftUICharts in Frameworks */,
			);
			runOnlyForDeploymentPostprocessing = 0;
		};
		4214008B2BB5550F003E5A85 /* Frameworks */ = {
			isa = PBXFrameworksBuildPhase;
			buildActionMask = 2147483647;
			files = (
			);
			runOnlyForDeploymentPostprocessing = 0;
		};
		421400952BB5550F003E5A85 /* Frameworks */ = {
			isa = PBXFrameworksBuildPhase;
			buildActionMask = 2147483647;
			files = (
			);
			runOnlyForDeploymentPostprocessing = 0;
		};
/* End PBXFrameworksBuildPhase section */

/* Begin PBXGroup section */
		420210682BC95D3100FB24B4 /* Repossessions */ = {
			isa = PBXGroup;
			children = (
				420210692BC95D7600FB24B4 /* CustomerReposessions.swift */,
				4202106B2BC95F1300FB24B4 /* ReposessionDetails.swift */,
				4202106D2BC95FE000FB24B4 /* RepossesionPickUp.swift */,
				4202106F2BC9611100FB24B4 /* RepossesionsStorage.swift */,
			);
			path = Repossessions;
			sourceTree = "<group>";
		};
		421400752BB554FD003E5A85 = {
			isa = PBXGroup;
			children = (
				421400802BB554FD003E5A85 /* EFTA1 */,
				421400912BB5550F003E5A85 /* EFTA1Tests */,
				4214009B2BB5550F003E5A85 /* EFTA1UITests */,
				4214007F2BB554FD003E5A85 /* Products */,
				429BB8F82BBC0E8300A323A2 /* Frameworks */,
			);
			sourceTree = "<group>";
		};
		4214007F2BB554FD003E5A85 /* Products */ = {
			isa = PBXGroup;
			children = (
				4214007E2BB554FD003E5A85 /* EFTA1.app */,
				4214008E2BB5550F003E5A85 /* EFTA1Tests.xctest */,
				421400982BB5550F003E5A85 /* EFTA1UITests.xctest */,
			);
			name = Products;
			sourceTree = "<group>";
		};
		421400802BB554FD003E5A85 /* EFTA1 */ = {
			isa = PBXGroup;
			children = (
				429BB8FB2BBC0E9B00A323A2 /* EFTA1.entitlements */,
				429BB8F72BBC0E8300A323A2 /* Info.plist */,
				421400812BB554FD003E5A85 /* EFTA1App.swift */,
				42A2F3B72BD69815008125F6 /* Launch Screen.storyboard */,
				421400832BB554FD003E5A85 /* ContentView.swift */,
				421400AB2BB5555A003E5A85 /* SplashView.swift */,
				42E822022BD1125B003D59CF /* Register */,
				421400BF2BB57F27003E5A85 /* LoginOnBoarding.swift */,
				421400BD2BB57BF6003E5A85 /* Login.swift */,
				42B5EC6F2BCEB8CF00D5418C /* SelectProfile.swift */,
				421400C12BB58709003E5A85 /* forgotPin.swift */,
				422557DA2BC3E0E700FA14EF /* MyTabView.swift */,
				42E299742BB59DDA008598C3 /* Dashboard.swift */,
				42ECA29A2BC54AB600FB4B43 /* CustomerOnboarding */,
				42ECA29B2BC54C7800FB4B43 /* CompanyOnboarding */,
				42ECA2A52BC5616100FB4B43 /* CustomerAppraisals */,
				42ECA2C12BC6FFA000FB4B43 /* CustomerMonitoring */,
				420210682BC95D3100FB24B4 /* Repossessions */,
				42B5EC4D2BCD097F00D5418C /* EquipmentDelivery */,
				42B5EC612BCE6CCA00D5418C /* CreateSchedule */,
				42B5EC642BCE714300D5418C /* Reports */,
				425A5EC12BCFF41800C520B5 /* Statements */,
				42B5EC562BCD1D0100D5418C /* Components */,
				42ECA2AC2BC6C95100FB4B43 /* DataHandler */,
				421400B52BB55588003E5A85 /* KeypadView.swift */,
				42B5EC692BCE78BC00D5418C /* NetworkManager.swift */,
				42B5EC6B2BCE7AAA00D5418C /* Constants.swift */,
				4242D9B32BD13F15004AF3F3 /* keychainAcess.swift */,
				4242D9B52BD14595004AF3F3 /* AuthManager.swift */,
				425A5EC62BD0FC3B00C520B5 /* Config.swift */,
				421400B72BB5558F003E5A85 /* Color+Extension.swift */,
				421400852BB5550E003E5A85 /* Assets.xcassets */,
				421400872BB5550E003E5A85 /* Preview Content */,
			);
			path = EFTA1;
			sourceTree = "<group>";
		};
		421400872BB5550E003E5A85 /* Preview Content */ = {
			isa = PBXGroup;
			children = (
				421400882BB5550E003E5A85 /* Preview Assets.xcassets */,
			);
			path = "Preview Content";
			sourceTree = "<group>";
		};
		421400912BB5550F003E5A85 /* EFTA1Tests */ = {
			isa = PBXGroup;
			children = (
				421400922BB5550F003E5A85 /* EFTA1Tests.swift */,
			);
			path = EFTA1Tests;
			sourceTree = "<group>";
		};
		4214009B2BB5550F003E5A85 /* EFTA1UITests */ = {
			isa = PBXGroup;
			children = (
				4214009C2BB5550F003E5A85 /* EFTA1UITests.swift */,
				4214009E2BB5550F003E5A85 /* EFTA1UITestsLaunchTests.swift */,
			);
			path = EFTA1UITests;
			sourceTree = "<group>";
		};
		425A5EC12BCFF41800C520B5 /* Statements */ = {
			isa = PBXGroup;
			children = (
				425A5EC22BCFF47D00C520B5 /* Statements.swift */,
				425A5EC42BCFF6B000C520B5 /* CustomerStatements.swift */,
			);
			path = Statements;
			sourceTree = "<group>";
		};
		429BB8F82BBC0E8300A323A2 /* Frameworks */ = {
			isa = PBXGroup;
			children = (
				429BB8FC2BBC0E9B00A323A2 /* HealthKit.framework */,
				429BB8F92BBC0E8300A323A2 /* MapKit.framework */,
			);
			name = Frameworks;
			sourceTree = "<group>";
		};
		42B5EC4D2BCD097F00D5418C /* EquipmentDelivery */ = {
			isa = PBXGroup;
			children = (
				42B5EC4E2BCD0AF100D5418C /* EquipmentUserPage.swift */,
				42B5EC502BCD0EF400D5418C /* EquipmentDeliveryDetails.swift */,
				42B5EC522BCD109C00D5418C /* EquipmentDeliveryItems.swift */,
				42B5EC542BCD13DE00D5418C /* EquipmentDeliveryForm1.swift */,
				42B5EC592BCD23D200D5418C /* EquipmentDeliveryForm2.swift */,
			);
			path = EquipmentDelivery;
			sourceTree = "<group>";
		};
		42B5EC562BCD1D0100D5418C /* Components */ = {
			isa = PBXGroup;
			children = (
				6E1FB8242BF253BD00677D28 /* FormTypes.swift */,
				429BB8F32BBBEB3100A323A2 /* Images.swift */,
				4281A70C2BE3903600743423 /* Buttons.swift */,
			);
			path = Components;
			sourceTree = "<group>";
		};
		42B5EC612BCE6CCA00D5418C /* CreateSchedule */ = {
			isa = PBXGroup;
			children = (
				42B5EC622BCE6D4100D5418C /* CreateSchedule.swift */,
			);
			path = CreateSchedule;
			sourceTree = "<group>";
		};
		42B5EC642BCE714300D5418C /* Reports */ = {
			isa = PBXGroup;
			children = (
				42B5EC652BCE716700D5418C /* Reports.swift */,
				42B5EC672BCE717F00D5418C /* PieChart.swift */,
			);
			path = Reports;
			sourceTree = "<group>";
		};
		42E822022BD1125B003D59CF /* Register */ = {
			isa = PBXGroup;
			children = (
				421400AD2BB55563003E5A85 /* OnBoard.swift */,
				421400B12BB55574003E5A85 /* Verification.swift */,
				421400B32BB55580003E5A85 /* PINEntryView.swift */,
				42E822052BD12386003D59CF /* ConfirmPin.swift */,
				421400BB2BB564A9003E5A85 /* SecurityQuestions.swift */,
				42E822032BD112B6003D59CF /* DataHandler.swift */,
			);
			path = Register;
			sourceTree = "<group>";
		};
		42ECA29A2BC54AB600FB4B43 /* CustomerOnboarding */ = {
			isa = PBXGroup;
			children = (
				42DAADE02BBAE3C800F7FC7B /* CustomerOnboarding.swift */,
				42DDB66A2BBB60E00038D1CA /* IndividualOnboarding.swift */,
				42B5EC5D2BCD556D00D5418C /* IndividualOnboarding2.swift */,
				42DDB66E2BBB65450038D1CA /* CapturePhoto.swift */,
				429BB8F52BBC09DB00A323A2 /* CustomerLocation.swift */,
				422557D62BC2F00000FA14EF /* CustomerDocument.swift */,
				4242D9B92BD2659C004AF3F3 /* CustomerDocumentList.swift */,
				422557D82BC3480400FA14EF /* CustomerSummary.swift */,
				42B5EC5B2BCD29B200D5418C /* DataForCustomerOnboarding.swift */,
				42B5EC5F2BCD646B00D5418C /* PhotoCaptureViewModel.swift */,
				42B5EC6D2BCE858E00D5418C /* OnboardingData.swift */,
			);
			path = CustomerOnboarding;
			sourceTree = "<group>";
		};
		42ECA29B2BC54C7800FB4B43 /* CompanyOnboarding */ = {
			isa = PBXGroup;
			children = (
				42ECA29C2BC54D1300FB4B43 /* CompanyOnboarding.swift */,
				428DF9692BD8F79A00873E90 /* CompanyOnboarding2.swift */,
				42ECA29E2BC54F2E00FB4B43 /* CompanyLocation.swift */,
				42ECA2A02BC54F7E00FB4B43 /* CompanyDocument.swift */,
				42ECA2A22BC54FF400FB4B43 /* CompanySummary.swift */,
			);
			path = CompanyOnboarding;
			sourceTree = "<group>";
		};
		42ECA2A52BC5616100FB4B43 /* CustomerAppraisals */ = {
			isa = PBXGroup;
			children = (
				42ECA2A62BC5629300FB4B43 /* CustomerApraisalsSearch.swift */,
				42ECA2A82BC576E500FB4B43 /* CustomerApraisalDetails.swift */,
				42ECA2AA2BC6C07C00FB4B43 /* SiteDetails.swift */,
				42ECA2AF2BC6F90300FB4B43 /* SiteDetails2.swift */,
				42ECA2B12BC6FA4C00FB4B43 /* Document&Assets.swift */,
				42ECA2B32BC6FB4700FB4B43 /* Market.swift */,
				42ECA2B52BC6FC1300FB4B43 /* Market2.swift */,
				42ECA2B72BC6FC6A00FB4B43 /* Market3.swift */,
				42ECA2B92BC6FD1C00FB4B43 /* Character&Credit.swift */,
				42ECA2BB2BC6FD8B00FB4B43 /* Character&Credit2.swift */,
				42ECA2BD2BC6FDEE00FB4B43 /* FinancialData.swift */,
				4242D9B72BD14BB4004AF3F3 /* ImpactReporting1.swift */,
				42ECA2BF2BC6FE8400FB4B43 /* ImpactReporting.swift */,
				6ED530392BEB9EAE00280B6C /* CustomerApraisalData.swift */,
			);
			path = CustomerAppraisals;
			sourceTree = "<group>";
		};
		42ECA2AC2BC6C95100FB4B43 /* DataHandler */ = {
			isa = PBXGroup;
			children = (
				42ECA2AD2BC6C9AC00FB4B43 /* SiteDetailsQuestion.swift */,
				420210642BC81F2F00FB24B4 /* DocumentHandler.swift */,
			);
			name = DataHandler;
			sourceTree = "<group>";
		};
		42ECA2C12BC6FFA000FB4B43 /* CustomerMonitoring */ = {
			isa = PBXGroup;
			children = (
				42ECA2C22BC7003600FB4B43 /* CustomerMonitoringSearch.swift */,
				42ECA2C42BC703B800FB4B43 /* CustomerDetails.swift */,
				42ECA2C62BC704F700FB4B43 /* Equipment.swift */,
				42ECA2C82BC7CC0200FB4B43 /* BusinessPerformance.swift */,
				42ECA2CA2BC7CF1A00FB4B43 /* CustomerInformationSheet.swift */,
				4202105C2BC808C800FB24B4 /* CustomerInformationSheet2.swift */,
				6E1FB8512BF7E9AB00677D28 /* ImpactReportingCustomerMonitoring.swift */,
				6E1FB8532BF7EF6200677D28 /* ImpactReportingCustomerMonitoring2.swift */,
				420210622BC81C2200FB24B4 /* CustomerMonitioringDocument.swift */,
				420210662BC8244000FB24B4 /* CustomerMonitoringDocumentList.swift */,
			);
			path = CustomerMonitoring;
			sourceTree = "<group>";
		};
/* End PBXGroup section */

/* Begin PBXNativeTarget section */
		4214007D2BB554FD003E5A85 /* EFTA1 */ = {
			isa = PBXNativeTarget;
			buildConfigurationList = 421400A22BB55510003E5A85 /* Build configuration list for PBXNativeTarget "EFTA1" */;
			buildPhases = (
				4214007A2BB554FD003E5A85 /* Sources */,
				4214007B2BB554FD003E5A85 /* Frameworks */,
				4214007C2BB554FD003E5A85 /* Resources */,
			);
			buildRules = (
			);
			dependencies = (
			);
			name = EFTA1;
			packageProductDependencies = (
				42FE892F2BFAE4950046F172 /* AlertToast */,
				42FE89312BFAE49B0046F172 /* SwiftUIDigitalSignature */,
				42FE89332BFAE4A80046F172 /* SwiftUICharts */,
				42FE89352BFAE4AD0046F172 /* FilePicker */,
			);
			productName = EFTA1;
			productReference = 4214007E2BB554FD003E5A85 /* EFTA1.app */;
			productType = "com.apple.product-type.application";
		};
		4214008D2BB5550F003E5A85 /* EFTA1Tests */ = {
			isa = PBXNativeTarget;
			buildConfigurationList = 421400A52BB55510003E5A85 /* Build configuration list for PBXNativeTarget "EFTA1Tests" */;
			buildPhases = (
				4214008A2BB5550F003E5A85 /* Sources */,
				4214008B2BB5550F003E5A85 /* Frameworks */,
				4214008C2BB5550F003E5A85 /* Resources */,
			);
			buildRules = (
			);
			dependencies = (
				421400902BB5550F003E5A85 /* PBXTargetDependency */,
			);
			name = EFTA1Tests;
			productName = EFTA1Tests;
			productReference = 4214008E2BB5550F003E5A85 /* EFTA1Tests.xctest */;
			productType = "com.apple.product-type.bundle.unit-test";
		};
		421400972BB5550F003E5A85 /* EFTA1UITests */ = {
			isa = PBXNativeTarget;
			buildConfigurationList = 421400A82BB55510003E5A85 /* Build configuration list for PBXNativeTarget "EFTA1UITests" */;
			buildPhases = (
				421400942BB5550F003E5A85 /* Sources */,
				421400952BB5550F003E5A85 /* Frameworks */,
				421400962BB5550F003E5A85 /* Resources */,
			);
			buildRules = (
			);
			dependencies = (
				4214009A2BB5550F003E5A85 /* PBXTargetDependency */,
			);
			name = EFTA1UITests;
			productName = EFTA1UITests;
			productReference = 421400982BB5550F003E5A85 /* EFTA1UITests.xctest */;
			productType = "com.apple.product-type.bundle.ui-testing";
		};
/* End PBXNativeTarget section */

/* Begin PBXProject section */
		421400762BB554FD003E5A85 /* Project object */ = {
			isa = PBXProject;
			attributes = {
				BuildIndependentTargetsInParallel = 1;
				LastSwiftUpdateCheck = 1340;
				LastUpgradeCheck = 1340;
				TargetAttributes = {
					4214007D2BB554FD003E5A85 = {
						CreatedOnToolsVersion = 13.4.1;
					};
					4214008D2BB5550F003E5A85 = {
						CreatedOnToolsVersion = 13.4.1;
						TestTargetID = 4214007D2BB554FD003E5A85;
					};
					421400972BB5550F003E5A85 = {
						CreatedOnToolsVersion = 13.4.1;
						TestTargetID = 4214007D2BB554FD003E5A85;
					};
				};
			};
			buildConfigurationList = 421400792BB554FD003E5A85 /* Build configuration list for PBXProject "EFTA1" */;
			compatibilityVersion = "Xcode 13.0";
			developmentRegion = en;
			hasScannedForEncodings = 0;
			knownRegions = (
				en,
				Base,
			);
			mainGroup = 421400752BB554FD003E5A85;
			packageReferences = (
				425A5EBE2BCFB8FD00C520B5 /* XCRemoteSwiftPackageReference "swiftui-digital-signature" */,
				426F81532BD6592E002A6D6A /* XCRemoteSwiftPackageReference "FilePicker" */,
				42F4ED202BE4CBE100816668 /* XCRemoteSwiftPackageReference "SwiftUICharts" */,
				6E1FB8352BF3B5B100677D28 /* XCRemoteSwiftPackageReference "AlertToast" */,
				42F1452B2BFA5016005F27CC /* XCRemoteSwiftPackageReference "AlertToast" */,
				42F1452E2BFA507E005F27CC /* XCRemoteSwiftPackageReference "SwiftUICharts" */,
				42F145312BFADE22005F27CC /* XCRemoteSwiftPackageReference "SwiftUICharts" */,
			);
			productRefGroup = 4214007F2BB554FD003E5A85 /* Products */;
			projectDirPath = "";
			projectRoot = "";
			targets = (
				4214007D2BB554FD003E5A85 /* EFTA1 */,
				4214008D2BB5550F003E5A85 /* EFTA1Tests */,
				421400972BB5550F003E5A85 /* EFTA1UITests */,
			);
		};
/* End PBXProject section */

/* Begin PBXResourcesBuildPhase section */
		4214007C2BB554FD003E5A85 /* Resources */ = {
			isa = PBXResourcesBuildPhase;
			buildActionMask = 2147483647;
			files = (
				42A2F3B82BD69815008125F6 /* Launch Screen.storyboard in Resources */,
				421400892BB5550E003E5A85 /* Preview Assets.xcassets in Resources */,
				421400862BB5550E003E5A85 /* Assets.xcassets in Resources */,
			);
			runOnlyForDeploymentPostprocessing = 0;
		};
		4214008C2BB5550F003E5A85 /* Resources */ = {
			isa = PBXResourcesBuildPhase;
			buildActionMask = 2147483647;
			files = (
			);
			runOnlyForDeploymentPostprocessing = 0;
		};
		421400962BB5550F003E5A85 /* Resources */ = {
			isa = PBXResourcesBuildPhase;
			buildActionMask = 2147483647;
			files = (
			);
			runOnlyForDeploymentPostprocessing = 0;
		};
/* End PBXResourcesBuildPhase section */

/* Begin PBXSourcesBuildPhase section */
		4214007A2BB554FD003E5A85 /* Sources */ = {
			isa = PBXSourcesBuildPhase;
			buildActionMask = 2147483647;
			files = (
				42E822062BD12386003D59CF /* ConfirmPin.swift in Sources */,
				42B5EC552BCD13DE00D5418C /* EquipmentDeliveryForm1.swift in Sources */,
				425A5EC32BCFF47D00C520B5 /* Statements.swift in Sources */,
				4281A70D2BE3903700743423 /* Buttons.swift in Sources */,
				42ECA2C02BC6FE8400FB4B43 /* ImpactReporting.swift in Sources */,
				42B5EC532BCD109C00D5418C /* EquipmentDeliveryItems.swift in Sources */,
				4242D9B82BD14BB5004AF3F3 /* ImpactReporting1.swift in Sources */,
				42E822042BD112B6003D59CF /* DataHandler.swift in Sources */,
				42ECA29F2BC54F2E00FB4B43 /* CompanyLocation.swift in Sources */,
				42ECA2A72BC5629300FB4B43 /* CustomerApraisalsSearch.swift in Sources */,
				42B5EC662BCE716700D5418C /* Reports.swift in Sources */,
				421400B22BB55574003E5A85 /* Verification.swift in Sources */,
				421400B82BB5558F003E5A85 /* Color+Extension.swift in Sources */,
				421400C22BB58709003E5A85 /* forgotPin.swift in Sources */,
				421400BC2BB564A9003E5A85 /* SecurityQuestions.swift in Sources */,
				42DDB66B2BBB60E00038D1CA /* IndividualOnboarding.swift in Sources */,
				421400BE2BB57BF7003E5A85 /* Login.swift in Sources */,
				42DDB66F2BBB65450038D1CA /* CapturePhoto.swift in Sources */,
				420210702BC9611100FB24B4 /* RepossesionsStorage.swift in Sources */,
				425A5EC52BCFF6B000C520B5 /* CustomerStatements.swift in Sources */,
				6E1FB8542BF7EF6200677D28 /* ImpactReportingCustomerMonitoring2.swift in Sources */,
				42ECA29D2BC54D1300FB4B43 /* CompanyOnboarding.swift in Sources */,
				4202106C2BC95F1300FB24B4 /* ReposessionDetails.swift in Sources */,
				421400C02BB57F28003E5A85 /* LoginOnBoarding.swift in Sources */,
				42ECA2AE2BC6C9AC00FB4B43 /* SiteDetailsQuestion.swift in Sources */,
				42ECA2B62BC6FC1300FB4B43 /* Market2.swift in Sources */,
				42B5EC6E2BCE858E00D5418C /* OnboardingData.swift in Sources */,
				42ECA2B02BC6F90400FB4B43 /* SiteDetails2.swift in Sources */,
				42B5EC5E2BCD556D00D5418C /* IndividualOnboarding2.swift in Sources */,
				42E299752BB59DDB008598C3 /* Dashboard.swift in Sources */,
				42B5EC6C2BCE7AAA00D5418C /* Constants.swift in Sources */,
				42DAADE12BBAE3C900F7FC7B /* CustomerOnboarding.swift in Sources */,
				421400842BB554FD003E5A85 /* ContentView.swift in Sources */,
				42B5EC4F2BCD0AF100D5418C /* EquipmentUserPage.swift in Sources */,
				422557DB2BC3E0E700FA14EF /* MyTabView.swift in Sources */,
				420210632BC81C2200FB24B4 /* CustomerMonitioringDocument.swift in Sources */,
				429BB8F62BBC09DC00A323A2 /* CustomerLocation.swift in Sources */,
				4242D9B62BD14595004AF3F3 /* AuthManager.swift in Sources */,
				42ECA2B22BC6FA4C00FB4B43 /* Document&Assets.swift in Sources */,
				422557D92BC3480400FA14EF /* CustomerSummary.swift in Sources */,
				421400AE2BB55564003E5A85 /* OnBoard.swift in Sources */,
				428DF96A2BD8F79A00873E90 /* CompanyOnboarding2.swift in Sources */,
				4242D9B42BD13F17004AF3F3 /* keychainAcess.swift in Sources */,
				42B5EC682BCE718000D5418C /* PieChart.swift in Sources */,
				6ED5303A2BEB9EAE00280B6C /* CustomerApraisalData.swift in Sources */,
				42B5EC5A2BCD23D300D5418C /* EquipmentDeliveryForm2.swift in Sources */,
				42ECA2A32BC54FF400FB4B43 /* CompanySummary.swift in Sources */,
				42ECA2B42BC6FB4700FB4B43 /* Market.swift in Sources */,
				42ECA2C72BC704F700FB4B43 /* Equipment.swift in Sources */,
				421400822BB554FD003E5A85 /* EFTA1App.swift in Sources */,
				42ECA2C32BC7003600FB4B43 /* CustomerMonitoringSearch.swift in Sources */,
				42ECA2BC2BC6FD8C00FB4B43 /* Character&Credit2.swift in Sources */,
				6E1FB8252BF253BD00677D28 /* FormTypes.swift in Sources */,
				42ECA2A12BC54F7E00FB4B43 /* CompanyDocument.swift in Sources */,
				42B5EC6A2BCE78BC00D5418C /* NetworkManager.swift in Sources */,
				42B5EC5C2BCD29B200D5418C /* DataForCustomerOnboarding.swift in Sources */,
				42ECA2BA2BC6FD1C00FB4B43 /* Character&Credit.swift in Sources */,
				6E1FB8522BF7E9AC00677D28 /* ImpactReportingCustomerMonitoring.swift in Sources */,
				42B5EC632BCE6D4100D5418C /* CreateSchedule.swift in Sources */,
				4242D9BA2BD2659D004AF3F3 /* CustomerDocumentList.swift in Sources */,
				421400B62BB55588003E5A85 /* KeypadView.swift in Sources */,
				420210672BC8244000FB24B4 /* CustomerMonitoringDocumentList.swift in Sources */,
				42B5EC602BCD646B00D5418C /* PhotoCaptureViewModel.swift in Sources */,
				42B5EC702BCEB8D100D5418C /* SelectProfile.swift in Sources */,
				42B5EC512BCD0EF400D5418C /* EquipmentDeliveryDetails.swift in Sources */,
				42ECA2C92BC7CC0300FB4B43 /* BusinessPerformance.swift in Sources */,
				4202106A2BC95D7600FB24B4 /* CustomerReposessions.swift in Sources */,
				42ECA2CB2BC7CF1A00FB4B43 /* CustomerInformationSheet.swift in Sources */,
				42ECA2C52BC703B800FB4B43 /* CustomerDetails.swift in Sources */,
				4202105D2BC808C800FB24B4 /* CustomerInformationSheet2.swift in Sources */,
				42ECA2AB2BC6C07D00FB4B43 /* SiteDetails.swift in Sources */,
				42ECA2BE2BC6FDEE00FB4B43 /* FinancialData.swift in Sources */,
				421400AC2BB5555B003E5A85 /* SplashView.swift in Sources */,
				422557D72BC2F00100FA14EF /* CustomerDocument.swift in Sources */,
				4202106E2BC95FE000FB24B4 /* RepossesionPickUp.swift in Sources */,
				42ECA2A92BC576E600FB4B43 /* CustomerApraisalDetails.swift in Sources */,
				429BB8F42BBBEB3200A323A2 /* Images.swift in Sources */,
				42ECA2B82BC6FC6A00FB4B43 /* Market3.swift in Sources */,
				421400B42BB55580003E5A85 /* PINEntryView.swift in Sources */,
				425A5EC72BD0FC3C00C520B5 /* Config.swift in Sources */,
				420210652BC81F2F00FB24B4 /* DocumentHandler.swift in Sources */,
			);
			runOnlyForDeploymentPostprocessing = 0;
		};
		4214008A2BB5550F003E5A85 /* Sources */ = {
			isa = PBXSourcesBuildPhase;
			buildActionMask = 2147483647;
			files = (
				421400932BB5550F003E5A85 /* EFTA1Tests.swift in Sources */,
			);
			runOnlyForDeploymentPostprocessing = 0;
		};
		421400942BB5550F003E5A85 /* Sources */ = {
			isa = PBXSourcesBuildPhase;
			buildActionMask = 2147483647;
			files = (
				4214009F2BB5550F003E5A85 /* EFTA1UITestsLaunchTests.swift in Sources */,
				4214009D2BB5550F003E5A85 /* EFTA1UITests.swift in Sources */,
			);
			runOnlyForDeploymentPostprocessing = 0;
		};
/* End PBXSourcesBuildPhase section */

/* Begin PBXTargetDependency section */
		421400902BB5550F003E5A85 /* PBXTargetDependency */ = {
			isa = PBXTargetDependency;
			target = 4214007D2BB554FD003E5A85 /* EFTA1 */;
			targetProxy = 4214008F2BB5550F003E5A85 /* PBXContainerItemProxy */;
		};
		4214009A2BB5550F003E5A85 /* PBXTargetDependency */ = {
			isa = PBXTargetDependency;
			target = 4214007D2BB554FD003E5A85 /* EFTA1 */;
			targetProxy = 421400992BB5550F003E5A85 /* PBXContainerItemProxy */;
		};
/* End PBXTargetDependency section */

/* Begin XCBuildConfiguration section */
		421400A02BB55510003E5A85 /* Debug */ = {
			isa = XCBuildConfiguration;
			buildSettings = {
				ALWAYS_SEARCH_USER_PATHS = NO;
				CLANG_ANALYZER_NONNULL = YES;
				CLANG_ANALYZER_NUMBER_OBJECT_CONVERSION = YES_AGGRESSIVE;
				CLANG_CXX_LANGUAGE_STANDARD = "gnu++17";
				CLANG_ENABLE_MODULES = YES;
				CLANG_ENABLE_OBJC_ARC = YES;
				CLANG_ENABLE_OBJC_WEAK = YES;
				CLANG_WARN_BLOCK_CAPTURE_AUTORELEASING = YES;
				CLANG_WARN_BOOL_CONVERSION = YES;
				CLANG_WARN_COMMA = YES;
				CLANG_WARN_CONSTANT_CONVERSION = YES;
				CLANG_WARN_DEPRECATED_OBJC_IMPLEMENTATIONS = YES;
				CLANG_WARN_DIRECT_OBJC_ISA_USAGE = YES_ERROR;
				CLANG_WARN_DOCUMENTATION_COMMENTS = YES;
				CLANG_WARN_EMPTY_BODY = YES;
				CLANG_WARN_ENUM_CONVERSION = YES;
				CLANG_WARN_INFINITE_RECURSION = YES;
				CLANG_WARN_INT_CONVERSION = YES;
				CLANG_WARN_NON_LITERAL_NULL_CONVERSION = YES;
				CLANG_WARN_OBJC_IMPLICIT_RETAIN_SELF = YES;
				CLANG_WARN_OBJC_LITERAL_CONVERSION = YES;
				CLANG_WARN_OBJC_ROOT_CLASS = YES_ERROR;
				CLANG_WARN_QUOTED_INCLUDE_IN_FRAMEWORK_HEADER = YES;
				CLANG_WARN_RANGE_LOOP_ANALYSIS = YES;
				CLANG_WARN_STRICT_PROTOTYPES = YES;
				CLANG_WARN_SUSPICIOUS_MOVE = YES;
				CLANG_WARN_UNGUARDED_AVAILABILITY = YES_AGGRESSIVE;
				CLANG_WARN_UNREACHABLE_CODE = YES;
				CLANG_WARN__DUPLICATE_METHOD_MATCH = YES;
				COPY_PHASE_STRIP = NO;
				DEBUG_INFORMATION_FORMAT = dwarf;
				ENABLE_STRICT_OBJC_MSGSEND = YES;
				ENABLE_TESTABILITY = YES;
				GCC_C_LANGUAGE_STANDARD = gnu11;
				GCC_DYNAMIC_NO_PIC = NO;
				GCC_NO_COMMON_BLOCKS = YES;
				GCC_OPTIMIZATION_LEVEL = 0;
				GCC_PREPROCESSOR_DEFINITIONS = (
					"DEBUG=1",
					"$(inherited)",
				);
				GCC_WARN_64_TO_32_BIT_CONVERSION = YES;
				GCC_WARN_ABOUT_RETURN_TYPE = YES_ERROR;
				GCC_WARN_UNDECLARED_SELECTOR = YES;
				GCC_WARN_UNINITIALIZED_AUTOS = YES_AGGRESSIVE;
				GCC_WARN_UNUSED_FUNCTION = YES;
				GCC_WARN_UNUSED_VARIABLE = YES;
				IPHONEOS_DEPLOYMENT_TARGET = 15.5;
				MTL_ENABLE_DEBUG_INFO = INCLUDE_SOURCE;
				MTL_FAST_MATH = YES;
				ONLY_ACTIVE_ARCH = YES;
				SDKROOT = iphoneos;
				SWIFT_ACTIVE_COMPILATION_CONDITIONS = DEBUG;
				SWIFT_OPTIMIZATION_LEVEL = "-Onone";
			};
			name = Debug;
		};
		421400A12BB55510003E5A85 /* Release */ = {
			isa = XCBuildConfiguration;
			buildSettings = {
				ALWAYS_SEARCH_USER_PATHS = NO;
				CLANG_ANALYZER_NONNULL = YES;
				CLANG_ANALYZER_NUMBER_OBJECT_CONVERSION = YES_AGGRESSIVE;
				CLANG_CXX_LANGUAGE_STANDARD = "gnu++17";
				CLANG_ENABLE_MODULES = YES;
				CLANG_ENABLE_OBJC_ARC = YES;
				CLANG_ENABLE_OBJC_WEAK = YES;
				CLANG_WARN_BLOCK_CAPTURE_AUTORELEASING = YES;
				CLANG_WARN_BOOL_CONVERSION = YES;
				CLANG_WARN_COMMA = YES;
				CLANG_WARN_CONSTANT_CONVERSION = YES;
				CLANG_WARN_DEPRECATED_OBJC_IMPLEMENTATIONS = YES;
				CLANG_WARN_DIRECT_OBJC_ISA_USAGE = YES_ERROR;
				CLANG_WARN_DOCUMENTATION_COMMENTS = YES;
				CLANG_WARN_EMPTY_BODY = YES;
				CLANG_WARN_ENUM_CONVERSION = YES;
				CLANG_WARN_INFINITE_RECURSION = YES;
				CLANG_WARN_INT_CONVERSION = YES;
				CLANG_WARN_NON_LITERAL_NULL_CONVERSION = YES;
				CLANG_WARN_OBJC_IMPLICIT_RETAIN_SELF = YES;
				CLANG_WARN_OBJC_LITERAL_CONVERSION = YES;
				CLANG_WARN_OBJC_ROOT_CLASS = YES_ERROR;
				CLANG_WARN_QUOTED_INCLUDE_IN_FRAMEWORK_HEADER = YES;
				CLANG_WARN_RANGE_LOOP_ANALYSIS = YES;
				CLANG_WARN_STRICT_PROTOTYPES = YES;
				CLANG_WARN_SUSPICIOUS_MOVE = YES;
				CLANG_WARN_UNGUARDED_AVAILABILITY = YES_AGGRESSIVE;
				CLANG_WARN_UNREACHABLE_CODE = YES;
				CLANG_WARN__DUPLICATE_METHOD_MATCH = YES;
				COPY_PHASE_STRIP = NO;
				DEBUG_INFORMATION_FORMAT = "dwarf-with-dsym";
				ENABLE_NS_ASSERTIONS = NO;
				ENABLE_STRICT_OBJC_MSGSEND = YES;
				GCC_C_LANGUAGE_STANDARD = gnu11;
				GCC_NO_COMMON_BLOCKS = YES;
				GCC_WARN_64_TO_32_BIT_CONVERSION = YES;
				GCC_WARN_ABOUT_RETURN_TYPE = YES_ERROR;
				GCC_WARN_UNDECLARED_SELECTOR = YES;
				GCC_WARN_UNINITIALIZED_AUTOS = YES_AGGRESSIVE;
				GCC_WARN_UNUSED_FUNCTION = YES;
				GCC_WARN_UNUSED_VARIABLE = YES;
				IPHONEOS_DEPLOYMENT_TARGET = 15.5;
				MTL_ENABLE_DEBUG_INFO = NO;
				MTL_FAST_MATH = YES;
				SDKROOT = iphoneos;
				SWIFT_COMPILATION_MODE = wholemodule;
				SWIFT_OPTIMIZATION_LEVEL = "-O";
				VALIDATE_PRODUCT = YES;
			};
			name = Release;
		};
		421400A32BB55510003E5A85 /* Debug */ = {
			isa = XCBuildConfiguration;
			buildSettings = {
				ASSETCATALOG_COMPILER_APPICON_NAME = AppIcon;
				ASSETCATALOG_COMPILER_GLOBAL_ACCENT_COLOR_NAME = AccentColor;
				CODE_SIGN_ENTITLEMENTS = EFTA1/EFTA1.entitlements;
				CODE_SIGN_STYLE = Automatic;
				CURRENT_PROJECT_VERSION = 1;
				DEVELOPMENT_ASSET_PATHS = "\"EFTA1/Preview Content\"";
				DEVELOPMENT_TEAM = 6GK5N5D9KT;
				ENABLE_PREVIEWS = YES;
				GENERATE_INFOPLIST_FILE = YES;
				INFOPLIST_FILE = EFTA1/Info.plist;
				INFOPLIST_KEY_NSCameraUsageDescription = "This app requires camera access to take photos for uploading Signature Pictures";
				INFOPLIST_KEY_UIApplicationSceneManifest_Generation = YES;
				INFOPLIST_KEY_UIApplicationSupportsIndirectInputEvents = YES;
				INFOPLIST_KEY_UILaunchScreen_Generation = YES;
				INFOPLIST_KEY_UISupportedInterfaceOrientations_iPad = "UIInterfaceOrientationPortrait UIInterfaceOrientationPortraitUpsideDown UIInterfaceOrientationLandscapeLeft UIInterfaceOrientationLandscapeRight";
				INFOPLIST_KEY_UISupportedInterfaceOrientations_iPhone = "UIInterfaceOrientationPortrait UIInterfaceOrientationLandscapeLeft UIInterfaceOrientationLandscapeRight";
				INFOPLIST_KEY_UIUserInterfaceStyle = Light;
				LD_RUNPATH_SEARCH_PATHS = (
					"$(inherited)",
					"@executable_path/Frameworks",
				);
				MARKETING_VERSION = 1.0;
				PRODUCT_BUNDLE_IDENTIFIER = test.EFTA1;
				PRODUCT_NAME = "$(TARGET_NAME)";
				SWIFT_EMIT_LOC_STRINGS = YES;
				SWIFT_VERSION = 5.0;
				TARGETED_DEVICE_FAMILY = "1,2";
			};
			name = Debug;
		};
		421400A42BB55510003E5A85 /* Release */ = {
			isa = XCBuildConfiguration;
			buildSettings = {
				ASSETCATALOG_COMPILER_APPICON_NAME = AppIcon;
				ASSETCATALOG_COMPILER_GLOBAL_ACCENT_COLOR_NAME = AccentColor;
				CODE_SIGN_ENTITLEMENTS = EFTA1/EFTA1.entitlements;
				CODE_SIGN_STYLE = Automatic;
				CURRENT_PROJECT_VERSION = 1;
				DEVELOPMENT_ASSET_PATHS = "\"EFTA1/Preview Content\"";
				DEVELOPMENT_TEAM = 6GK5N5D9KT;
				ENABLE_PREVIEWS = YES;
				GENERATE_INFOPLIST_FILE = YES;
				INFOPLIST_FILE = EFTA1/Info.plist;
				INFOPLIST_KEY_NSCameraUsageDescription = "This app requires camera access to take photos for uploading Signature Pictures";
				INFOPLIST_KEY_UIApplicationSceneManifest_Generation = YES;
				INFOPLIST_KEY_UIApplicationSupportsIndirectInputEvents = YES;
				INFOPLIST_KEY_UILaunchScreen_Generation = YES;
				INFOPLIST_KEY_UISupportedInterfaceOrientations_iPad = "UIInterfaceOrientationPortrait UIInterfaceOrientationPortraitUpsideDown UIInterfaceOrientationLandscapeLeft UIInterfaceOrientationLandscapeRight";
				INFOPLIST_KEY_UISupportedInterfaceOrientations_iPhone = "UIInterfaceOrientationPortrait UIInterfaceOrientationLandscapeLeft UIInterfaceOrientationLandscapeRight";
				INFOPLIST_KEY_UIUserInterfaceStyle = Light;
				LD_RUNPATH_SEARCH_PATHS = (
					"$(inherited)",
					"@executable_path/Frameworks",
				);
				MARKETING_VERSION = 1.0;
				PRODUCT_BUNDLE_IDENTIFIER = test.EFTA1;
				PRODUCT_NAME = "$(TARGET_NAME)";
				SWIFT_EMIT_LOC_STRINGS = YES;
				SWIFT_VERSION = 5.0;
				TARGETED_DEVICE_FAMILY = "1,2";
			};
			name = Release;
		};
		421400A62BB55510003E5A85 /* Debug */ = {
			isa = XCBuildConfiguration;
			buildSettings = {
				ALWAYS_EMBED_SWIFT_STANDARD_LIBRARIES = YES;
				BUNDLE_LOADER = "$(TEST_HOST)";
				CODE_SIGN_STYLE = Automatic;
				CURRENT_PROJECT_VERSION = 1;
				GENERATE_INFOPLIST_FILE = YES;
				IPHONEOS_DEPLOYMENT_TARGET = 15.5;
				MARKETING_VERSION = 1.0;
				PRODUCT_BUNDLE_IDENTIFIER = test.EFTA1Tests;
				PRODUCT_NAME = "$(TARGET_NAME)";
				SWIFT_EMIT_LOC_STRINGS = NO;
				SWIFT_VERSION = 5.0;
				TARGETED_DEVICE_FAMILY = "1,2";
				TEST_HOST = "$(BUILT_PRODUCTS_DIR)/EFTA1.app/EFTA1";
			};
			name = Debug;
		};
		421400A72BB55510003E5A85 /* Release */ = {
			isa = XCBuildConfiguration;
			buildSettings = {
				ALWAYS_EMBED_SWIFT_STANDARD_LIBRARIES = YES;
				BUNDLE_LOADER = "$(TEST_HOST)";
				CODE_SIGN_STYLE = Automatic;
				CURRENT_PROJECT_VERSION = 1;
				GENERATE_INFOPLIST_FILE = YES;
				IPHONEOS_DEPLOYMENT_TARGET = 15.5;
				MARKETING_VERSION = 1.0;
				PRODUCT_BUNDLE_IDENTIFIER = test.EFTA1Tests;
				PRODUCT_NAME = "$(TARGET_NAME)";
				SWIFT_EMIT_LOC_STRINGS = NO;
				SWIFT_VERSION = 5.0;
				TARGETED_DEVICE_FAMILY = "1,2";
				TEST_HOST = "$(BUILT_PRODUCTS_DIR)/EFTA1.app/EFTA1";
			};
			name = Release;
		};
		421400A92BB55510003E5A85 /* Debug */ = {
			isa = XCBuildConfiguration;
			buildSettings = {
				ALWAYS_EMBED_SWIFT_STANDARD_LIBRARIES = YES;
				CODE_SIGN_STYLE = Automatic;
				CURRENT_PROJECT_VERSION = 1;
				GENERATE_INFOPLIST_FILE = YES;
				MARKETING_VERSION = 1.0;
				PRODUCT_BUNDLE_IDENTIFIER = test.EFTA1UITests;
				PRODUCT_NAME = "$(TARGET_NAME)";
				SWIFT_EMIT_LOC_STRINGS = NO;
				SWIFT_VERSION = 5.0;
				TARGETED_DEVICE_FAMILY = "1,2";
				TEST_TARGET_NAME = EFTA1;
			};
			name = Debug;
		};
		421400AA2BB55510003E5A85 /* Release */ = {
			isa = XCBuildConfiguration;
			buildSettings = {
				ALWAYS_EMBED_SWIFT_STANDARD_LIBRARIES = YES;
				CODE_SIGN_STYLE = Automatic;
				CURRENT_PROJECT_VERSION = 1;
				GENERATE_INFOPLIST_FILE = YES;
				MARKETING_VERSION = 1.0;
				PRODUCT_BUNDLE_IDENTIFIER = test.EFTA1UITests;
				PRODUCT_NAME = "$(TARGET_NAME)";
				SWIFT_EMIT_LOC_STRINGS = NO;
				SWIFT_VERSION = 5.0;
				TARGETED_DEVICE_FAMILY = "1,2";
				TEST_TARGET_NAME = EFTA1;
			};
			name = Release;
		};
/* End XCBuildConfiguration section */

/* Begin XCConfigurationList section */
		421400792BB554FD003E5A85 /* Build configuration list for PBXProject "EFTA1" */ = {
			isa = XCConfigurationList;
			buildConfigurations = (
				421400A02BB55510003E5A85 /* Debug */,
				421400A12BB55510003E5A85 /* Release */,
			);
			defaultConfigurationIsVisible = 0;
			defaultConfigurationName = Release;
		};
		421400A22BB55510003E5A85 /* Build configuration list for PBXNativeTarget "EFTA1" */ = {
			isa = XCConfigurationList;
			buildConfigurations = (
				421400A32BB55510003E5A85 /* Debug */,
				421400A42BB55510003E5A85 /* Release */,
			);
			defaultConfigurationIsVisible = 0;
			defaultConfigurationName = Release;
		};
		421400A52BB55510003E5A85 /* Build configuration list for PBXNativeTarget "EFTA1Tests" */ = {
			isa = XCConfigurationList;
			buildConfigurations = (
				421400A62BB55510003E5A85 /* Debug */,
				421400A72BB55510003E5A85 /* Release */,
			);
			defaultConfigurationIsVisible = 0;
			defaultConfigurationName = Release;
		};
		421400A82BB55510003E5A85 /* Build configuration list for PBXNativeTarget "EFTA1UITests" */ = {
			isa = XCConfigurationList;
			buildConfigurations = (
				421400A92BB55510003E5A85 /* Debug */,
				421400AA2BB55510003E5A85 /* Release */,
			);
			defaultConfigurationIsVisible = 0;
			defaultConfigurationName = Release;
		};
/* End XCConfigurationList section */

/* Begin XCRemoteSwiftPackageReference section */
		425A5EBE2BCFB8FD00C520B5 /* XCRemoteSwiftPackageReference "swiftui-digital-signature" */ = {
			isa = XCRemoteSwiftPackageReference;
			repositoryURL = "https://github.com/globulus/swiftui-digital-signature";
			requirement = {
				kind = upToNextMajorVersion;
				minimumVersion = 0.1.2;
			};
		};
		426F81532BD6592E002A6D6A /* XCRemoteSwiftPackageReference "FilePicker" */ = {
			isa = XCRemoteSwiftPackageReference;
			repositoryURL = "https://github.com/markrenaud/FilePicker.git";
			requirement = {
				kind = upToNextMajorVersion;
				minimumVersion = 1.0.0;
			};
		};
		42F1452B2BFA5016005F27CC /* XCRemoteSwiftPackageReference "AlertToast" */ = {
			isa = XCRemoteSwiftPackageReference;
			repositoryURL = "https://github.com/elai950/AlertToast.git";
			requirement = {
				kind = upToNextMajorVersion;
				minimumVersion = 1.0.0;
			};
		};
		42F1452E2BFA507E005F27CC /* XCRemoteSwiftPackageReference "SwiftUICharts" */ = {
			isa = XCRemoteSwiftPackageReference;
			repositoryURL = "https://github.com/willdale/SwiftUICharts.git";
			requirement = {
				kind = upToNextMajorVersion;
				minimumVersion = 2.0.0;
			};
		};
		42F145312BFADE22005F27CC /* XCRemoteSwiftPackageReference "SwiftUICharts" */ = {
			isa = XCRemoteSwiftPackageReference;
			repositoryURL = "https://github.com/willdale/SwiftUICharts.git";
			requirement = {
				kind = upToNextMajorVersion;
				minimumVersion = 2.0.0;
			};
		};
		42F4ED202BE4CBE100816668 /* XCRemoteSwiftPackageReference "SwiftUICharts" */ = {
			isa = XCRemoteSwiftPackageReference;
			repositoryURL = "https://github.com/willdale/SwiftUICharts.git";
			requirement = {
				kind = upToNextMajorVersion;
				minimumVersion = 2.0.0;
			};
		};
		6E1FB8352BF3B5B100677D28 /* XCRemoteSwiftPackageReference "AlertToast" */ = {
			isa = XCRemoteSwiftPackageReference;
			repositoryURL = "https://github.com/elai950/AlertToast";
			requirement = {
				kind = upToNextMajorVersion;
				minimumVersion = 1.3.9;
			};
		};
/* End XCRemoteSwiftPackageReference section */

/* Begin XCSwiftPackageProductDependency section */
		42FE892F2BFAE4950046F172 /* AlertToast */ = {
			isa = XCSwiftPackageProductDependency;
			package = 6E1FB8352BF3B5B100677D28 /* XCRemoteSwiftPackageReference "AlertToast" */;
			productName = AlertToast;
		};
		42FE89312BFAE49B0046F172 /* SwiftUIDigitalSignature */ = {
			isa = XCSwiftPackageProductDependency;
			package = 425A5EBE2BCFB8FD00C520B5 /* XCRemoteSwiftPackageReference "swiftui-digital-signature" */;
			productName = SwiftUIDigitalSignature;
		};
		42FE89332BFAE4A80046F172 /* SwiftUICharts */ = {
			isa = XCSwiftPackageProductDependency;
			package = 42F1452E2BFA507E005F27CC /* XCRemoteSwiftPackageReference "SwiftUICharts" */;
			productName = SwiftUICharts;
		};
		42FE89352BFAE4AD0046F172 /* FilePicker */ = {
			isa = XCSwiftPackageProductDependency;
			package = 426F81532BD6592E002A6D6A /* XCRemoteSwiftPackageReference "FilePicker" */;
			productName = FilePicker;
		};
/* End XCSwiftPackageProductDependency section */
	};
	rootObject = 421400762BB554FD003E5A85 /* Project object */;
}
